
Microsoft Visual Studio Solution File, Format Version 12.00
# Visual Studio Version 17
VisualStudioVersion = 17.1.32328.378
MinimumVisualStudioVersion = 10.0.40219.1
Project("{9A19103F-16F7-4668-BE54-9A1E7A4F7556}") = "Raon.Core", "Raon.Core\Raon.Core.csproj", "{C35C1B86-5190-4B42-8354-E15160DF2CB3}"
EndProject
Project("{9A19103F-16F7-4668-BE54-9A1E7A4F7556}") = "Raon.Editor", "Raon.Editor\Raon.Editor.csproj", "{18E9156E-DD0B-475A-99FD-39384AB88352}"
EndProject
Project("{8BC9CEB8-8B4A-11D0-8D11-00A0C91BC942}") = "Raon.Native", "Raon.Native\Raon.Native.vcxproj", "{F23D1842-DC30-4758-A50B-569B0A2D8EC6}"
EndProject
Project("{2150E333-8FDC-42A3-9474-1A3956D46DE8}") = "Test", "Test", "{BE1B6978-5B3C-4A5C-A1F8-C665408783F0}"
EndProject
Project("{9A19103F-16F7-4668-BE54-9A1E7A4F7556}") = "Raon.Core.Tests", "Tests\Raon.Core.Tests\Raon.Core.Tests.csproj", "{0E88FA37-D63C-4279-AF24-A95E2487707E}"
EndProject
Project("{8BC9CEB8-8B4A-11D0-8D11-00A0C91BC942}") = "Raon.Native.Tests", "Raon.Native.Tests\Raon.Native.Tests.vcxproj", "{C868DB57-E532-4D43-9AC6-D2934AC7687C}"
EndProject
Project("{FAE04EC0-301F-11D3-BF4B-00C04F79EFBC}") = "Raon.Core.Console.Tests", "Raon.Core.Console.Tests\Raon.Core.Console.Tests.csproj", "{BF5AA093-CB4F-46AB-8A4D-EAD969D6D23E}"
EndProject
Global
	GlobalSection(SolutionConfigurationPlatforms) = preSolution
		Debug|Any CPU = Debug|Any CPU
		Debug|x64 = Debug|x64
		Debug|x86 = Debug|x86
		Release|Any CPU = Release|Any CPU
		Release|x64 = Release|x64
		Release|x86 = Release|x86
	EndGlobalSection
	GlobalSection(ProjectConfigurationPlatforms) = postSolution
		{C35C1B86-5190-4B42-8354-E15160DF2CB3}.Debug|Any CPU.ActiveCfg = Debug|Any CPU
		{C35C1B86-5190-4B42-8354-E15160DF2CB3}.Debug|Any CPU.Build.0 = Debug|Any CPU
		{C35C1B86-5190-4B42-8354-E15160DF2CB3}.Debug|x64.ActiveCfg = Debug|Any CPU
		{C35C1B86-5190-4B42-8354-E15160DF2CB3}.Debug|x64.Build.0 = Debug|Any CPU
		{C35C1B86-5190-4B42-8354-E15160DF2CB3}.Debug|x86.ActiveCfg = Debug|Any CPU
		{C35C1B86-5190-4B42-8354-E15160DF2CB3}.Debug|x86.Build.0 = Debug|Any CPU
		{C35C1B86-5190-4B42-8354-E15160DF2CB3}.Release|Any CPU.ActiveCfg = Release|Any CPU
		{C35C1B86-5190-4B42-8354-E15160DF2CB3}.Release|Any CPU.Build.0 = Release|Any CPU
		{C35C1B86-5190-4B42-8354-E15160DF2CB3}.Release|x64.ActiveCfg = Release|Any CPU
		{C35C1B86-5190-4B42-8354-E15160DF2CB3}.Release|x64.Build.0 = Release|Any CPU
		{C35C1B86-5190-4B42-8354-E15160DF2CB3}.Release|x86.ActiveCfg = Release|Any CPU
		{C35C1B86-5190-4B42-8354-E15160DF2CB3}.Release|x86.Build.0 = Release|Any CPU
		{18E9156E-DD0B-475A-99FD-39384AB88352}.Debug|Any CPU.ActiveCfg = Debug|Any CPU
		{18E9156E-DD0B-475A-99FD-39384AB88352}.Debug|Any CPU.Build.0 = Debug|Any CPU
		{18E9156E-DD0B-475A-99FD-39384AB88352}.Debug|x64.ActiveCfg = Debug|Any CPU
		{18E9156E-DD0B-475A-99FD-39384AB88352}.Debug|x64.Build.0 = Debug|Any CPU
		{18E9156E-DD0B-475A-99FD-39384AB88352}.Debug|x86.ActiveCfg = Debug|Any CPU
		{18E9156E-DD0B-475A-99FD-39384AB88352}.Debug|x86.Build.0 = Debug|Any CPU
		{18E9156E-DD0B-475A-99FD-39384AB88352}.Release|Any CPU.ActiveCfg = Release|Any CPU
		{18E9156E-DD0B-475A-99FD-39384AB88352}.Release|Any CPU.Build.0 = Release|Any CPU
		{18E9156E-DD0B-475A-99FD-39384AB88352}.Release|x64.ActiveCfg = Release|Any CPU
		{18E9156E-DD0B-475A-99FD-39384AB88352}.Release|x64.Build.0 = Release|Any CPU
		{18E9156E-DD0B-475A-99FD-39384AB88352}.Release|x86.ActiveCfg = Release|Any CPU
		{18E9156E-DD0B-475A-99FD-39384AB88352}.Release|x86.Build.0 = Release|Any CPU
		{F23D1842-DC30-4758-A50B-569B0A2D8EC6}.Debug|Any CPU.ActiveCfg = Debug|x64
		{F23D1842-DC30-4758-A50B-569B0A2D8EC6}.Debug|Any CPU.Build.0 = Debug|x64
		{F23D1842-DC30-4758-A50B-569B0A2D8EC6}.Debug|x64.ActiveCfg = Debug|x64
		{F23D1842-DC30-4758-A50B-569B0A2D8EC6}.Debug|x64.Build.0 = Debug|x64
		{F23D1842-DC30-4758-A50B-569B0A2D8EC6}.Debug|x86.ActiveCfg = Debug|Win32
		{F23D1842-DC30-4758-A50B-569B0A2D8EC6}.Debug|x86.Build.0 = Debug|Win32
		{F23D1842-DC30-4758-A50B-569B0A2D8EC6}.Release|Any CPU.ActiveCfg = Release|x64
		{F23D1842-DC30-4758-A50B-569B0A2D8EC6}.Release|Any CPU.Build.0 = Release|x64
		{F23D1842-DC30-4758-A50B-569B0A2D8EC6}.Release|x64.ActiveCfg = Release|x64
		{F23D1842-DC30-4758-A50B-569B0A2D8EC6}.Release|x64.Build.0 = Release|x64
		{F23D1842-DC30-4758-A50B-569B0A2D8EC6}.Release|x86.ActiveCfg = Release|Win32
		{F23D1842-DC30-4758-A50B-569B0A2D8EC6}.Release|x86.Build.0 = Release|Win32
		{0E88FA37-D63C-4279-AF24-A95E2487707E}.Debug|Any CPU.ActiveCfg = Debug|Any CPU
		{0E88FA37-D63C-4279-AF24-A95E2487707E}.Debug|Any CPU.Build.0 = Debug|Any CPU
		{0E88FA37-D63C-4279-AF24-A95E2487707E}.Debug|x64.ActiveCfg = Debug|Any CPU
		{0E88FA37-D63C-4279-AF24-A95E2487707E}.Debug|x64.Build.0 = Debug|Any CPU
		{0E88FA37-D63C-4279-AF24-A95E2487707E}.Debug|x86.ActiveCfg = Debug|Any CPU
		{0E88FA37-D63C-4279-AF24-A95E2487707E}.Debug|x86.Build.0 = Debug|Any CPU
		{0E88FA37-D63C-4279-AF24-A95E2487707E}.Release|Any CPU.ActiveCfg = Release|Any CPU
		{0E88FA37-D63C-4279-AF24-A95E2487707E}.Release|Any CPU.Build.0 = Release|Any CPU
		{0E88FA37-D63C-4279-AF24-A95E2487707E}.Release|x64.ActiveCfg = Release|Any CPU
		{0E88FA37-D63C-4279-AF24-A95E2487707E}.Release|x64.Build.0 = Release|Any CPU
		{0E88FA37-D63C-4279-AF24-A95E2487707E}.Release|x86.ActiveCfg = Release|Any CPU
		{0E88FA37-D63C-4279-AF24-A95E2487707E}.Release|x86.Build.0 = Release|Any CPU
		{C868DB57-E532-4D43-9AC6-D2934AC7687C}.Debug|Any CPU.ActiveCfg = Debug|x64
		{C868DB57-E532-4D43-9AC6-D2934AC7687C}.Debug|Any CPU.Build.0 = Debug|x64
		{C868DB57-E532-4D43-9AC6-D2934AC7687C}.Debug|x64.ActiveCfg = Debug|x64
		{C868DB57-E532-4D43-9AC6-D2934AC7687C}.Debug|x64.Build.0 = Debug|x64
		{C868DB57-E532-4D43-9AC6-D2934AC7687C}.Debug|x86.ActiveCfg = Debug|Win32
		{C868DB57-E532-4D43-9AC6-D2934AC7687C}.Debug|x86.Build.0 = Debug|Win32
		{C868DB57-E532-4D43-9AC6-D2934AC7687C}.Release|Any CPU.ActiveCfg = Release|x64
		{C868DB57-E532-4D43-9AC6-D2934AC7687C}.Release|Any CPU.Build.0 = Release|x64
		{C868DB57-E532-4D43-9AC6-D2934AC7687C}.Release|x64.ActiveCfg = Release|x64
		{C868DB57-E532-4D43-9AC6-D2934AC7687C}.Release|x64.Build.0 = Release|x64
		{C868DB57-E532-4D43-9AC6-D2934AC7687C}.Release|x86.ActiveCfg = Release|Win32
		{C868DB57-E532-4D43-9AC6-D2934AC7687C}.Release|x86.Build.0 = Release|Win32
		{BF5AA093-CB4F-46AB-8A4D-EAD969D6D23E}.Debug|Any CPU.ActiveCfg = Debug|Any CPU
		{BF5AA093-CB4F-46AB-8A4D-EAD969D6D23E}.Debug|Any CPU.Build.0 = Debug|Any CPU
		{BF5AA093-CB4F-46AB-8A4D-EAD969D6D23E}.Debug|x64.ActiveCfg = Debug|Any CPU
		{BF5AA093-CB4F-46AB-8A4D-EAD969D6D23E}.Debug|x64.Build.0 = Debug|Any CPU
		{BF5AA093-CB4F-46AB-8A4D-EAD969D6D23E}.Debug|x86.ActiveCfg = Debug|Any CPU
		{BF5AA093-CB4F-46AB-8A4D-EAD969D6D23E}.Debug|x86.Build.0 = Debug|Any CPU
		{BF5AA093-CB4F-46AB-8A4D-EAD969D6D23E}.Release|Any CPU.ActiveCfg = Release|Any CPU
		{BF5AA093-CB4F-46AB-8A4D-EAD969D6D23E}.Release|Any CPU.Build.0 = Release|Any CPU
		{BF5AA093-CB4F-46AB-8A4D-EAD969D6D23E}.Release|x64.ActiveCfg = Release|Any CPU
		{BF5AA093-CB4F-46AB-8A4D-EAD969D6D23E}.Release|x64.Build.0 = Release|Any CPU
		{BF5AA093-CB4F-46AB-8A4D-EAD969D6D23E}.Release|x86.ActiveCfg = Release|Any CPU
		{BF5AA093-CB4F-46AB-8A4D-EAD969D6D23E}.Release|x86.Build.0 = Release|Any CPU
	EndGlobalSection
	GlobalSection(SolutionProperties) = preSolution
		HideSolutionNode = FALSE
	EndGlobalSection
	GlobalSection(NestedProjects) = preSolution
		{0E88FA37-D63C-4279-AF24-A95E2487707E} = {BE1B6978-5B3C-4A5C-A1F8-C665408783F0}
		{C868DB57-E532-4D43-9AC6-D2934AC7687C} = {BE1B6978-5B3C-4A5C-A1F8-C665408783F0}
		{BF5AA093-CB4F-46AB-8A4D-EAD969D6D23E} = {BE1B6978-5B3C-4A5C-A1F8-C665408783F0}
	EndGlobalSection
	GlobalSection(ExtensibilityGlobals) = postSolution
		SolutionGuid = {B910FE1B-A6B4-4D21-9A1E-C025BD6D01F7}
	EndGlobalSection
EndGlobal
